
Microsoft Visual Studio Solution File, Format Version 12.00
# Visual Studio Version 17
VisualStudioVersion = 17.14.37027.9 d17.14
MinimumVisualStudioVersion = 10.0.40219.1
Project("{FAE04EC0-301F-11D3-BF4B-00C04F79EFBC}") = "ContactFormApi.Api", "ContactFormApi.Api\ContactFormApi.Api.csproj", "{7119485D-868C-437D-B4D5-EE0265239025}"
EndProject
Project("{FAE04EC0-301F-11D3-BF4B-00C04F79EFBC}") = "ContactFormApi.Application", "ContactFormApi.Application\ContactFormApi.Application.csproj", "{D7D0635B-B1DC-46C2-B1B1-FBE240C7149B}"
EndProject
Project("{FAE04EC0-301F-11D3-BF4B-00C04F79EFBC}") = "ContactFormApi.Domain", "ContactFormApi.Domain\ContactFormApi.Domain.csproj", "{32DCAD48-1942-4B4A-8632-5D7FD1387FBF}"
EndProject
Project("{FAE04EC0-301F-11D3-BF4B-00C04F79EFBC}") = "ContactFormApi.Infrastructure", "ContactFormApi.Infrastructure\ContactFormApi.Infrastructure.csproj", "{9F89A4CB-55F5-4F92-8AAA-DBCAB5940E12}"
EndProject
Global
	GlobalSection(SolutionConfigurationPlatforms) = preSolution
		Debug|Any CPU = Debug|Any CPU
		Release|Any CPU = Release|Any CPU
	EndGlobalSection
	GlobalSection(ProjectConfigurationPlatforms) = postSolution
		{7119485D-868C-437D-B4D5-EE0265239025}.Debug|Any CPU.ActiveCfg = Debug|Any CPU
		{7119485D-868C-437D-B4D5-EE0265239025}.Debug|Any CPU.Build.0 = Debug|Any CPU
		{7119485D-868C-437D-B4D5-EE0265239025}.Release|Any CPU.ActiveCfg = Release|Any CPU
		{7119485D-868C-437D-B4D5-EE0265239025}.Release|Any CPU.Build.0 = Release|Any CPU
		{D7D0635B-B1DC-46C2-B1B1-FBE240C7149B}.Debug|Any CPU.ActiveCfg = Debug|Any CPU
		{D7D0635B-B1DC-46C2-B1B1-FBE240C7149B}.Debug|Any CPU.Build.0 = Debug|Any CPU
		{D7D0635B-B1DC-46C2-B1B1-FBE240C7149B}.Release|Any CPU.ActiveCfg = Release|Any CPU
		{D7D0635B-B1DC-46C2-B1B1-FBE240C7149B}.Release|Any CPU.Build.0 = Release|Any CPU
		{32DCAD48-1942-4B4A-8632-5D7FD1387FBF}.Debug|Any CPU.ActiveCfg = Debug|Any CPU
		{32DCAD48-1942-4B4A-8632-5D7FD1387FBF}.Debug|Any CPU.Build.0 = Debug|Any CPU
		{32DCAD48-1942-4B4A-8632-5D7FD1387FBF}.Release|Any CPU.ActiveCfg = Release|Any CPU
		{32DCAD48-1942-4B4A-8632-5D7FD1387FBF}.Release|Any CPU.Build.0 = Release|Any CPU
		{9F89A4CB-55F5-4F92-8AAA-DBCAB5940E12}.Debug|Any CPU.ActiveCfg = Debug|Any CPU
		{9F89A4CB-55F5-4F92-8AAA-DBCAB5940E12}.Debug|Any CPU.Build.0 = Debug|Any CPU
		{9F89A4CB-55F5-4F92-8AAA-DBCAB5940E12}.Release|Any CPU.ActiveCfg = Release|Any CPU
		{9F89A4CB-55F5-4F92-8AAA-DBCAB5940E12}.Release|Any CPU.Build.0 = Release|Any CPU
	EndGlobalSection
	GlobalSection(SolutionProperties) = preSolution
		HideSolutionNode = FALSE
	EndGlobalSection
	GlobalSection(ExtensibilityGlobals) = postSolution
		SolutionGuid = {0CCE03C5-20C0-4278-9097-B79EFFBB04FB}
	EndGlobalSection
EndGlobal
